
Microsoft Visual Studio Solution File, Format Version 12.00
# Visual Studio Version 17
VisualStudioVersion = 17.1.32228.430
MinimumVisualStudioVersion = 10.0.40219.1
Project("{FAE04EC0-301F-11D3-BF4B-00C04F79EFBC}") = "net camp", "net camp\net camp.csproj", "{EBF7C9FD-EC31-40B4-8A1F-3AB15B60F1AD}"
EndProject
Global
	GlobalSection(SolutionConfigurationPlatforms) = preSolution
		Debug|Any CPU = Debug|Any CPU
		Release|Any CPU = Release|Any CPU
	EndGlobalSection
	GlobalSection(ProjectConfigurationPlatforms) = postSolution
		{EBF7C9FD-EC31-40B4-8A1F-3AB15B60F1AD}.Debug|Any CPU.ActiveCfg = Debug|Any CPU
		{EBF7C9FD-EC31-40B4-8A1F-3AB15B60F1AD}.Debug|Any CPU.Build.0 = Debug|Any CPU
		{EBF7C9FD-EC31-40B4-8A1F-3AB15B60F1AD}.Release|Any CPU.ActiveCfg = Release|Any CPU
		{EBF7C9FD-EC31-40B4-8A1F-3AB15B60F1AD}.Release|Any CPU.Build.0 = Release|Any CPU
	EndGlobalSection
	GlobalSection(SolutionProperties) = preSolution
		HideSolutionNode = FALSE
	EndGlobalSection
	GlobalSection(ExtensibilityGlobals) = postSolution
		SolutionGuid = {B41C2D12-8375-4716-AB64-D0199165AE33}
	EndGlobalSection
EndGlobal
